
Microsoft Visual Studio Solution File, Format Version 12.00
# Visual Studio Version 16
VisualStudioVersion = 16.0.31729.503
MinimumVisualStudioVersion = 10.0.40219.1
Project("{FAE04EC0-301F-11D3-BF4B-00C04F79EFBC}") = "entityframework", "entityframework.csproj", "{122CA2B8-98CF-42AE-9F60-8801C7664363}"
EndProject
Global
	GlobalSection(SolutionConfigurationPlatforms) = preSolution
		Debug|Any CPU = Debug|Any CPU
		Release|Any CPU = Release|Any CPU
	EndGlobalSection
	GlobalSection(ProjectConfigurationPlatforms) = postSolution
		{122CA2B8-98CF-42AE-9F60-8801C7664363}.Debug|Any CPU.ActiveCfg = Debug|Any CPU
		{122CA2B8-98CF-42AE-9F60-8801C7664363}.Debug|Any CPU.Build.0 = Debug|Any CPU
		{122CA2B8-98CF-42AE-9F60-8801C7664363}.Release|Any CPU.ActiveCfg = Release|Any CPU
		{122CA2B8-98CF-42AE-9F60-8801C7664363}.Release|Any CPU.Build.0 = Release|Any CPU
	EndGlobalSection
	GlobalSection(SolutionProperties) = preSolution
		HideSolutionNode = FALSE
	EndGlobalSection
	GlobalSection(ExtensibilityGlobals) = postSolution
		SolutionGuid = {092F268D-7A4B-42E3-A228-9E0F184DB0A8}
	EndGlobalSection
EndGlobal
